
Microsoft Visual Studio Solution File, Format Version 12.00
# Visual Studio Version 17
VisualStudioVersion = 17.3.32929.385
MinimumVisualStudioVersion = 10.0.40219.1
Project("{FAE04EC0-301F-11D3-BF4B-00C04F79EFBC}") = "WebApplication1", "WebApplication1\WebApplication1.csproj", "{23BE40C3-EBF2-44B2-A03D-94F548ABA712}"
EndProject
Global
	GlobalSection(SolutionConfigurationPlatforms) = preSolution
		Debug|Any CPU = Debug|Any CPU
		Release|Any CPU = Release|Any CPU
	EndGlobalSection
	GlobalSection(ProjectConfigurationPlatforms) = postSolution
		{23BE40C3-EBF2-44B2-A03D-94F548ABA712}.Debug|Any CPU.ActiveCfg = Debug|Any CPU
		{23BE40C3-EBF2-44B2-A03D-94F548ABA712}.Debug|Any CPU.Build.0 = Debug|Any CPU
		{23BE40C3-EBF2-44B2-A03D-94F548ABA712}.Release|Any CPU.ActiveCfg = Release|Any CPU
		{23BE40C3-EBF2-44B2-A03D-94F548ABA712}.Release|Any CPU.Build.0 = Release|Any CPU
	EndGlobalSection
	GlobalSection(SolutionProperties) = preSolution
		HideSolutionNode = FALSE
	EndGlobalSection
	GlobalSection(ExtensibilityGlobals) = postSolution
		SolutionGuid = {92E5C1FF-8ABF-410E-8BC9-2ECF0E0A1249}
	EndGlobalSection
EndGlobal
